
Microsoft Visual Studio Solution File, Format Version 12.00
# Visual Studio Version 17
VisualStudioVersion = 17.14.36623.8 d17.14
MinimumVisualStudioVersion = 10.0.40219.1
Project("{FAE04EC0-301F-11D3-BF4B-00C04F79EFBC}") = "Workshop8", "Workshop8.csproj", "{7508B7DB-FB40-4E76-82AC-890ABCDD3950}"
EndProject
Global
	GlobalSection(SolutionConfigurationPlatforms) = preSolution
		Debug|Any CPU = Debug|Any CPU
		Release|Any CPU = Release|Any CPU
	EndGlobalSection
	GlobalSection(ProjectConfigurationPlatforms) = postSolution
		{7508B7DB-FB40-4E76-82AC-890ABCDD3950}.Debug|Any CPU.ActiveCfg = Debug|Any CPU
		{7508B7DB-FB40-4E76-82AC-890ABCDD3950}.Debug|Any CPU.Build.0 = Debug|Any CPU
		{7508B7DB-FB40-4E76-82AC-890ABCDD3950}.Release|Any CPU.ActiveCfg = Release|Any CPU
		{7508B7DB-FB40-4E76-82AC-890ABCDD3950}.Release|Any CPU.Build.0 = Release|Any CPU
	EndGlobalSection
	GlobalSection(SolutionProperties) = preSolution
		HideSolutionNode = FALSE
	EndGlobalSection
	GlobalSection(ExtensibilityGlobals) = postSolution
		SolutionGuid = {CCB55DD4-B8DB-457F-A4C8-C1D7EA5B40BE}
	EndGlobalSection
EndGlobal
